schema: '2.0'
stages:
  data_collection:
    cmd: python src/data/data_collection.py
    deps:
    - path: src/data/data_collection.py
      hash: md5
      md5: 02928315024fcfbc116b5176d81c0cdb
      size: 2425
    params:
      params.yaml:
        data_collection.batch_size: 79210
        data_collection.test_size: 0.3
    outs:
    - path: data/raw
      hash: md5
      md5: 5749989bc7707e82f09bf4d34662e3fc.dir
      size: 3795318
      nfiles: 2
  pre_processing:
    cmd: python src/data/data_preprocessing.py
    deps:
    - path: data/raw
      hash: md5
      md5: cf8ba707cc3c91e0f2c7d429a67d06f2.dir
      size: 3795318
      nfiles: 2
    - path: src/data/data_preprocessing.py
      hash: md5
      md5: 9fe20052d8e1c841032f8fb1368041d1
      size: 7644
    outs:
    - path: data/processed
      hash: md5
      md5: 43f0b279f111bbc8231c826129ea156f.dir
      size: 9267203
      nfiles: 2
  feature_engineering:
    cmd: python src/features/feature_engineering.py
    deps:
    - path: data/processed
      hash: md5
      md5: 5cde09345eef73c8f0b4ad06d77ee64b.dir
      size: 10316678
      nfiles: 2
    - path: src/features/feature_engineering.py
      hash: md5
      md5: e85b852c3d2c09cd11306695e0621222
      size: 1713
    outs:
    - path: data/interim
      hash: md5
      md5: 966879d19c89e2f0bcc537ef6ccf58f3.dir
      size: 10311485
      nfiles: 2
  model_building:
    cmd: python src/models/model_building.py
    deps:
    - path: data/interim
      hash: md5
      md5: 966879d19c89e2f0bcc537ef6ccf58f3.dir
      size: 10311485
      nfiles: 2
    - path: src/models/model_building.py
      hash: md5
      md5: 45a83b542959851466aabbf695b09d7e
      size: 3819
    params:
      params.yaml:
        model_building.kwargs:
          subsample: 0.7777777777777778
          n_estimators: 300
          min_child_weight: 2
          max_depth: 10
          learning_rate: 0.017
          reg_lambda: 0.5555555555555556
          gamma: 0.0
          colsample_bytree: 0.8888888888888888
          reg_alpha: 0.7777777777777777
        model_building.model_name: xgboost
    outs:
    - path: models/model.joblib
      hash: md5
      md5: 3a32862a24007a8353f6eb1dc9b5ec7b
      size: 8138439
  model_evaluation:
    cmd: python src/models/model_evaluation.py
    deps:
    - path: models/model.joblib
      hash: md5
      md5: 3a32862a24007a8353f6eb1dc9b5ec7b
      size: 8138439
    - path: src/models/model_evaluation.py
      hash: md5
      md5: d4a2716596882b91a8b4df3990b59548
      size: 5279
    outs:
    - path: reports/metrics.json
      hash: md5
      md5: 090dbf035fce4e5e1a9d7293e7cc020c
      size: 107
  data_preprocessing:
    cmd: python src/data/data_preprocessing.py
    deps:
    - path: data/raw
      hash: md5
      md5: 5749989bc7707e82f09bf4d34662e3fc.dir
      size: 3795318
      nfiles: 2
    - path: src/data/data_preprocessing.py
      hash: md5
      md5: 2a0e66aed0da5f42499dee24365b8254
      size: 10288
    params:
      params.yaml:
        data_preprocessing.apply_boxcox: false
        data_preprocessing.apply_winsorization: true
        data_preprocessing.lower_quantile: 0.14
        data_preprocessing.transformation_type: cube
        data_preprocessing.upper_quantile: 0.88
    outs:
    - path: data/processed
      hash: md5
      md5: 5cde09345eef73c8f0b4ad06d77ee64b.dir
      size: 10316678
      nfiles: 2
